
Microsoft Visual Studio Solution File, Format Version 12.00
# Visual Studio Version 16
VisualStudioVersion = 16.0.29424.173
MinimumVisualStudioVersion = 10.0.40219.1
Project("{FAE04EC0-301F-11D3-BF4B-00C04F79EFBC}") = "ModifiersExperiment.Domain", "ModifiersExperiment.Domain\ModifiersExperiment.Domain.csproj", "{E05DDAB0-19FF-4A18-80E5-2542CF29C564}"
EndProject
Project("{FAE04EC0-301F-11D3-BF4B-00C04F79EFBC}") = "ModifiersExperiment.Console", "ModifiersExperiment.Console\ModifiersExperiment.Console.csproj", "{288E99D6-D2EB-4BF4-A1B0-7E8379CEC422}"
EndProject
Global
	GlobalSection(SolutionConfigurationPlatforms) = preSolution
		Debug|Any CPU = Debug|Any CPU
		Release|Any CPU = Release|Any CPU
	EndGlobalSection
	GlobalSection(ProjectConfigurationPlatforms) = postSolution
		{E05DDAB0-19FF-4A18-80E5-2542CF29C564}.Debug|Any CPU.ActiveCfg = Debug|Any CPU
		{E05DDAB0-19FF-4A18-80E5-2542CF29C564}.Debug|Any CPU.Build.0 = Debug|Any CPU
		{E05DDAB0-19FF-4A18-80E5-2542CF29C564}.Release|Any CPU.ActiveCfg = Release|Any CPU
		{E05DDAB0-19FF-4A18-80E5-2542CF29C564}.Release|Any CPU.Build.0 = Release|Any CPU
		{288E99D6-D2EB-4BF4-A1B0-7E8379CEC422}.Debug|Any CPU.ActiveCfg = Debug|Any CPU
		{288E99D6-D2EB-4BF4-A1B0-7E8379CEC422}.Debug|Any CPU.Build.0 = Debug|Any CPU
		{288E99D6-D2EB-4BF4-A1B0-7E8379CEC422}.Release|Any CPU.ActiveCfg = Release|Any CPU
		{288E99D6-D2EB-4BF4-A1B0-7E8379CEC422}.Release|Any CPU.Build.0 = Release|Any CPU
	EndGlobalSection
	GlobalSection(SolutionProperties) = preSolution
		HideSolutionNode = FALSE
	EndGlobalSection
	GlobalSection(ExtensibilityGlobals) = postSolution
		SolutionGuid = {61434EC7-7718-484E-A30B-B4B3B7C11A25}
	EndGlobalSection
EndGlobal
